codeberg.org/Gusted/algorithms-go v0.0.0-20240805141901-846829c06295 h1:5c7b5HWUt7D/ID6Q6qsGtX4LvVpgScWvygaGh2mDuzI=
codeberg.org/Gusted/algorithms-go v0.0.0-20240805141901-846829c06295/go.mod h1:HJLRoD5oM82SYGWsDj0q65Hhw2uDzFDhZTiH4xF8Jd8=
github.com/mxschmitt/golang-combinations v1.2.0 h1:V5E7MncIK8Yr1SL/SpdqMuSquFsfoIs5auI7Y3n8z14=
github.com/mxschmitt/golang-combinations v1.2.0/go.mod h1:RCm5eR03B+JrBOMRDLsKZWShluXdrHu+qwhPEJ0miBM=
